
Microsoft Visual Studio Solution File, Format Version 12.00
# Visual Studio 15
VisualStudioVersion = 15.0.26403.7
MinimumVisualStudioVersion = 10.0.40219.1
Project("{FAE04EC0-301F-11D3-BF4B-00C04F79EFBC}") = "MovieLib.Windows", "MovieLib.Windows\MovieLib.Windows.csproj", "{0B1BB492-5E5A-47AC-ACC6-7F20FE3B6D52}"
EndProject
Project("{FAE04EC0-301F-11D3-BF4B-00C04F79EFBC}") = "MovieLib", "MovieLib\MovieLib.csproj", "{DCA48664-6FC8-4569-9114-2D14D67BEF94}"
EndProject
Project("{FAE04EC0-301F-11D3-BF4B-00C04F79EFBC}") = "MovieLib.MovieDatabases.Sql", "MovieLib.MovieDatabases.Sql\MovieLib.MovieDatabases.Sql.csproj", "{EEE69119-EB97-4D41-BBC6-DA9741128A49}"
EndProject
Global
	GlobalSection(SolutionConfigurationPlatforms) = preSolution
		Debug|Any CPU = Debug|Any CPU
		Release|Any CPU = Release|Any CPU
	EndGlobalSection
	GlobalSection(ProjectConfigurationPlatforms) = postSolution
		{0B1BB492-5E5A-47AC-ACC6-7F20FE3B6D52}.Debug|Any CPU.ActiveCfg = Debug|Any CPU
		{0B1BB492-5E5A-47AC-ACC6-7F20FE3B6D52}.Debug|Any CPU.Build.0 = Debug|Any CPU
		{0B1BB492-5E5A-47AC-ACC6-7F20FE3B6D52}.Release|Any CPU.ActiveCfg = Release|Any CPU
		{0B1BB492-5E5A-47AC-ACC6-7F20FE3B6D52}.Release|Any CPU.Build.0 = Release|Any CPU
		{DCA48664-6FC8-4569-9114-2D14D67BEF94}.Debug|Any CPU.ActiveCfg = Debug|Any CPU
		{DCA48664-6FC8-4569-9114-2D14D67BEF94}.Debug|Any CPU.Build.0 = Debug|Any CPU
		{DCA48664-6FC8-4569-9114-2D14D67BEF94}.Release|Any CPU.ActiveCfg = Release|Any CPU
		{DCA48664-6FC8-4569-9114-2D14D67BEF94}.Release|Any CPU.Build.0 = Release|Any CPU
		{EEE69119-EB97-4D41-BBC6-DA9741128A49}.Debug|Any CPU.ActiveCfg = Debug|Any CPU
		{EEE69119-EB97-4D41-BBC6-DA9741128A49}.Debug|Any CPU.Build.0 = Debug|Any CPU
		{EEE69119-EB97-4D41-BBC6-DA9741128A49}.Release|Any CPU.ActiveCfg = Release|Any CPU
		{EEE69119-EB97-4D41-BBC6-DA9741128A49}.Release|Any CPU.Build.0 = Release|Any CPU
	EndGlobalSection
	GlobalSection(SolutionProperties) = preSolution
		HideSolutionNode = FALSE
	EndGlobalSection
	GlobalSection(ExtensibilityGlobals) = postSolution
		SolutionGuid = {D7E75012-3866-4CBD-9D55-44AFDC4D09A3}
	EndGlobalSection
EndGlobal
