
Microsoft Visual Studio Solution File, Format Version 12.00
# Visual Studio 15
VisualStudioVersion = 15.0.26403.7
MinimumVisualStudioVersion = 10.0.40219.1
Project("{FAE04EC0-301F-11D3-BF4B-00C04F79EFBC}") = "Nile.Window", "Nile.Window\Nile.Window.csproj", "{BD5B4068-AAD6-4911-B449-4DBC2587B7B4}"
EndProject
Project("{FAE04EC0-301F-11D3-BF4B-00C04F79EFBC}") = "Nile", "Nile\Nile.csproj", "{A936180B-3542-4D0A-8CB2-E2CE5AD24D8D}"
EndProject
Project("{00D1A9C2-B5F0-4AF3-8072-F6C62B433612}") = "NileDatabase", "NileDatabase\NileDatabase.sqlproj", "{56C0ADF1-90E3-4E66-998C-20FE50D88A2D}"
EndProject
Project("{FAE04EC0-301F-11D3-BF4B-00C04F79EFBC}") = "Nile.Stores.Sql", "Nile.Stores.Sql\Nile.Stores.Sql.csproj", "{4035F558-FF53-48EB-A511-D08A5BB231E7}"
EndProject
Global
	GlobalSection(SolutionConfigurationPlatforms) = preSolution
		Debug|Any CPU = Debug|Any CPU
		Release|Any CPU = Release|Any CPU
	EndGlobalSection
	GlobalSection(ProjectConfigurationPlatforms) = postSolution
		{BD5B4068-AAD6-4911-B449-4DBC2587B7B4}.Debug|Any CPU.ActiveCfg = Debug|Any CPU
		{BD5B4068-AAD6-4911-B449-4DBC2587B7B4}.Debug|Any CPU.Build.0 = Debug|Any CPU
		{BD5B4068-AAD6-4911-B449-4DBC2587B7B4}.Release|Any CPU.ActiveCfg = Release|Any CPU
		{BD5B4068-AAD6-4911-B449-4DBC2587B7B4}.Release|Any CPU.Build.0 = Release|Any CPU
		{A936180B-3542-4D0A-8CB2-E2CE5AD24D8D}.Debug|Any CPU.ActiveCfg = Debug|Any CPU
		{A936180B-3542-4D0A-8CB2-E2CE5AD24D8D}.Debug|Any CPU.Build.0 = Debug|Any CPU
		{A936180B-3542-4D0A-8CB2-E2CE5AD24D8D}.Release|Any CPU.ActiveCfg = Release|Any CPU
		{A936180B-3542-4D0A-8CB2-E2CE5AD24D8D}.Release|Any CPU.Build.0 = Release|Any CPU
		{56C0ADF1-90E3-4E66-998C-20FE50D88A2D}.Debug|Any CPU.ActiveCfg = Debug|Any CPU
		{56C0ADF1-90E3-4E66-998C-20FE50D88A2D}.Debug|Any CPU.Build.0 = Debug|Any CPU
		{56C0ADF1-90E3-4E66-998C-20FE50D88A2D}.Debug|Any CPU.Deploy.0 = Debug|Any CPU
		{56C0ADF1-90E3-4E66-998C-20FE50D88A2D}.Release|Any CPU.ActiveCfg = Release|Any CPU
		{56C0ADF1-90E3-4E66-998C-20FE50D88A2D}.Release|Any CPU.Build.0 = Release|Any CPU
		{56C0ADF1-90E3-4E66-998C-20FE50D88A2D}.Release|Any CPU.Deploy.0 = Release|Any CPU
		{4035F558-FF53-48EB-A511-D08A5BB231E7}.Debug|Any CPU.ActiveCfg = Debug|Any CPU
		{4035F558-FF53-48EB-A511-D08A5BB231E7}.Debug|Any CPU.Build.0 = Debug|Any CPU
		{4035F558-FF53-48EB-A511-D08A5BB231E7}.Release|Any CPU.ActiveCfg = Release|Any CPU
		{4035F558-FF53-48EB-A511-D08A5BB231E7}.Release|Any CPU.Build.0 = Release|Any CPU
	EndGlobalSection
	GlobalSection(SolutionProperties) = preSolution
		HideSolutionNode = FALSE
	EndGlobalSection
EndGlobal
